{
  "name": "cem-extract",
  "lockfileVersion": 3,
  "requires": true,
  "packages": {
    "": {
      "name": "cem-extract",
      "dependencies": {
        "@wc-toolkit/cem-utilities": "^1.0.0"
      }
    },
    "node_modules/@wc-toolkit/cem-utilities": {
      "version": "1.5.4",
      "resolved": "https://registry.npmjs.org/@wc-toolkit/cem-utilities/-/cem-utilities-1.5.4.tgz",
      "integrity": "sha512-0JXTcMK27nT/hQb79XuBYeD0LLR70DLhBFMP9XLWLwSwRa5Ys85ShKvptscQmS+7z3Lx2kExY8xHRblI1fXc2A==",
      "license": "MIT"
    }
  }
}
